
Microsoft Visual Studio Solution File, Format Version 12.00
# Visual Studio Version 17
VisualStudioVersion = 17.9.34728.123
MinimumVisualStudioVersion = 10.0.40219.1
Project("{FAE04EC0-301F-11D3-BF4B-00C04F79EFBC}") = "PrimerApp", "PrimerApp.csproj", "{56EA468E-9BED-4B95-AC67-1B36DCFEAAD1}"
EndProject
Global
	GlobalSection(SolutionConfigurationPlatforms) = preSolution
		Debug|Any CPU = Debug|Any CPU
		Release|Any CPU = Release|Any CPU
	EndGlobalSection
	GlobalSection(ProjectConfigurationPlatforms) = postSolution
		{56EA468E-9BED-4B95-AC67-1B36DCFEAAD1}.Debug|Any CPU.ActiveCfg = Debug|Any CPU
		{56EA468E-9BED-4B95-AC67-1B36DCFEAAD1}.Debug|Any CPU.Build.0 = Debug|Any CPU
		{56EA468E-9BED-4B95-AC67-1B36DCFEAAD1}.Release|Any CPU.ActiveCfg = Release|Any CPU
		{56EA468E-9BED-4B95-AC67-1B36DCFEAAD1}.Release|Any CPU.Build.0 = Release|Any CPU
	EndGlobalSection
	GlobalSection(SolutionProperties) = preSolution
		HideSolutionNode = FALSE
	EndGlobalSection
	GlobalSection(ExtensibilityGlobals) = postSolution
		SolutionGuid = {22B4BE5D-E3FD-493D-9251-16EBB3E00B50}
	EndGlobalSection
EndGlobal
